<?xml version="1.0" encoding="utf-8"?>
<Project ToolsVersion="4.0" xmlns="http://schemas.microsoft.com/developer/msbuild/2003">
  <ItemGroup>
    <Filter Include="Source Files">
      <UniqueIdentifier>{4FC737F1-C7A5-4376-A066-2A32D752A2FF}</UniqueIdentifier>
      <Extensions>cpp;c;cc;cxx;def;odl;idl;hpj;bat;asm;asmx</Extensions>
    </Filter>
    <Filter Include="Header Files">
      <UniqueIdentifier>{93995380-89BD-4b04-88EB-625FBE52EBFB}</UniqueIdentifier>
      <Extensions>h;hh;hpp;hxx;hm;inl;inc;ipp;xsd</Extensions>
    </Filter>
    <Filter Include="Resource Files">
      <UniqueIdentifier>{67DA6AB6-F800-4c08-8B7A-83BB121AAD01}</UniqueIdentifier>
      <Extensions>rc;ico;cur;bmp;dlg;rc2;rct;bin;rgs;gif;jpg;jpeg;jpe;resx;tiff;tif;png;wav;mfcribbon-ms</Extensions>
    </Filter>
    <Filter Include="XVM">
      <UniqueIdentifier>{0c1609c1-ab1c-40bc-a19c-f4ce66844d54}</UniqueIdentifier>
    </Filter>
  </ItemGroup>
  <ItemGroup>
    <ClInclude Include="XInterpreter.h">
      <Filter>Header Files</Filter>
    </ClInclude>
    <ClInclude Include="XInterpreterDlg.h">
      <Filter>Header Files</Filter>
    </ClInclude>
    <ClInclude Include="stdafx.h">
      <Filter>Header Files</Filter>
    </ClInclude>
    <ClInclude Include="targetver.h">
      <Filter>Header Files</Filter>
    </ClInclude>
    <ClInclude Include="Resource.h">
      <Filter>Header Files</Filter>
    </ClInclude>
    <ClInclude Include="CLogDataFile.h">
      <Filter>Header Files</Filter>
    </ClInclude>
    <ClInclude Include="XOpCode.h">
      <Filter>XVM</Filter>
    </ClInclude>
    <ClInclude Include="XToken.h">
      <Filter>XVM</Filter>
    </ClInclude>
    <ClInclude Include="XChunk.h">
      <Filter>XVM</Filter>
    </ClInclude>
    <ClInclude Include="XCompiler.h">
      <Filter>XVM</Filter>
    </ClInclude>
    <ClInclude Include="XObject.h">
      <Filter>XVM</Filter>
    </ClInclude>
    <ClInclude Include="XScanner.h">
      <Filter>XVM</Filter>
    </ClInclude>
    <ClInclude Include="XValue.h">
      <Filter>XVM</Filter>
    </ClInclude>
    <ClInclude Include="XVM.h">
      <Filter>XVM</Filter>
    </ClInclude>
  </ItemGroup>
  <ItemGroup>
    <ClCompile Include="XInterpreter.cpp">
      <Filter>Source Files</Filter>
    </ClCompile>
    <ClCompile Include="XInterpreterDlg.cpp">
      <Filter>Source Files</Filter>
    </ClCompile>
    <ClCompile Include="stdafx.cpp">
      <Filter>Source Files</Filter>
    </ClCompile>
    <ClCompile Include="XChunk.cpp">
      <Filter>XVM</Filter>
    </ClCompile>
    <ClCompile Include="XCompiler.cpp">
      <Filter>XVM</Filter>
    </ClCompile>
    <ClCompile Include="XScanner.cpp">
      <Filter>XVM</Filter>
    </ClCompile>
    <ClCompile Include="XValue.cpp">
      <Filter>XVM</Filter>
    </ClCompile>
    <ClCompile Include="XVM.cpp">
      <Filter>XVM</Filter>
    </ClCompile>
  </ItemGroup>
  <ItemGroup>
    <None Include="XInterpreter.reg" />
    <None Include="res\XInterpreter.rc2">
      <Filter>Resource Files</Filter>
    </None>
  </ItemGroup>
  <ItemGroup>
    <ResourceCompile Include="XInterpreter.rc">
      <Filter>Resource Files</Filter>
    </ResourceCompile>
  </ItemGroup>
  <ItemGroup>
    <Image Include="res\XInterpreter.ico">
      <Filter>Resource Files</Filter>
    </Image>
  </ItemGroup>
  <ItemGroup>
    <Text Include="XGrammer.txt">
      <Filter>XVM</Filter>
    </Text>
  </ItemGroup>
</Project>